
Microsoft Visual Studio Solution File, Format Version 12.00
# Visual Studio Version 17
VisualStudioVersion = 17.11.35312.102
MinimumVisualStudioVersion = 10.0.40219.1
Project("{FAE04EC0-301F-11D3-BF4B-00C04F79EFBC}") = "WinFS_DZ_3", "WinFS_DZ_3.csproj", "{29EEE9D4-2C7D-4E0C-9475-DDEB12697710}"
EndProject
Global
	GlobalSection(SolutionConfigurationPlatforms) = preSolution
		Debug|Any CPU = Debug|Any CPU
		Release|Any CPU = Release|Any CPU
	EndGlobalSection
	GlobalSection(ProjectConfigurationPlatforms) = postSolution
		{29EEE9D4-2C7D-4E0C-9475-DDEB12697710}.Debug|Any CPU.ActiveCfg = Debug|Any CPU
		{29EEE9D4-2C7D-4E0C-9475-DDEB12697710}.Debug|Any CPU.Build.0 = Debug|Any CPU
		{29EEE9D4-2C7D-4E0C-9475-DDEB12697710}.Release|Any CPU.ActiveCfg = Release|Any CPU
		{29EEE9D4-2C7D-4E0C-9475-DDEB12697710}.Release|Any CPU.Build.0 = Release|Any CPU
	EndGlobalSection
	GlobalSection(SolutionProperties) = preSolution
		HideSolutionNode = FALSE
	EndGlobalSection
	GlobalSection(ExtensibilityGlobals) = postSolution
		SolutionGuid = {BE3C8280-3B27-4BF7-9952-F062FC61294C}
	EndGlobalSection
EndGlobal
